
Microsoft Visual Studio Solution File, Format Version 12.00
# Visual Studio Version 17
VisualStudioVersion = 17.3.32901.215
MinimumVisualStudioVersion = 10.0.40219.1
Project("{FAE04EC0-301F-11D3-BF4B-00C04F79EFBC}") = "quiz", "quiz\quiz.csproj", "{741BBB62-84D1-4BCF-B75C-98E9C9CF280A}"
EndProject
Global
	GlobalSection(SolutionConfigurationPlatforms) = preSolution
		Debug|Any CPU = Debug|Any CPU
		Release|Any CPU = Release|Any CPU
	EndGlobalSection
	GlobalSection(ProjectConfigurationPlatforms) = postSolution
		{741BBB62-84D1-4BCF-B75C-98E9C9CF280A}.Debug|Any CPU.ActiveCfg = Debug|Any CPU
		{741BBB62-84D1-4BCF-B75C-98E9C9CF280A}.Debug|Any CPU.Build.0 = Debug|Any CPU
		{741BBB62-84D1-4BCF-B75C-98E9C9CF280A}.Release|Any CPU.ActiveCfg = Release|Any CPU
		{741BBB62-84D1-4BCF-B75C-98E9C9CF280A}.Release|Any CPU.Build.0 = Release|Any CPU
	EndGlobalSection
	GlobalSection(SolutionProperties) = preSolution
		HideSolutionNode = FALSE
	EndGlobalSection
	GlobalSection(ExtensibilityGlobals) = postSolution
		SolutionGuid = {942FCC70-1684-456B-A92A-8A87753E8482}
	EndGlobalSection
EndGlobal
